// !$*UTF8*$!
{
	archiveVersion = 1;
	classes = {
	};
	objectVersion = 48;
	objects = {

/* Begin PBXBuildFile section */
		84264BB62129BADB001308EC /* AppDelegate.swift in Sources */ = {isa = PBXBuildFile; fileRef = 84264BB52129BADB001308EC /* AppDelegate.swift */; };
		84264BB82129BADB001308EC /* ViewController.swift in Sources */ = {isa = PBXBuildFile; fileRef = 84264BB72129BADB001308EC /* ViewController.swift */; };
		84264BBB2129BADB001308EC /* Main.storyboard in Resources */ = {isa = PBXBuildFile; fileRef = 84264BB92129BADB001308EC /* Main.storyboard */; };
		84264BBD2129BADB001308EC /* Assets.xcassets in Resources */ = {isa = PBXBuildFile; fileRef = 84264BBC2129BADB001308EC /* Assets.xcassets */; };
		84264BC02129BADB001308EC /* LaunchScreen.storyboard in Resources */ = {isa = PBXBuildFile; fileRef = 84264BBE2129BADB001308EC /* LaunchScreen.storyboard */; };
		84264BC82129C204001308EC /* PlayersViewController.swift in Sources */ = {isa = PBXBuildFile; fileRef = 84264BC72129C204001308EC /* PlayersViewController.swift */; };
		84264BCA2129C274001308EC /* Player.swift in Sources */ = {isa = PBXBuildFile; fileRef = 84264BC92129C274001308EC /* Player.swift */; };
		84264BCC2129C29F001308EC /* SampleData.swift in Sources */ = {isa = PBXBuildFile; fileRef = 84264BCB2129C29F001308EC /* SampleData.swift */; };
		84264BCE2129C6C3001308EC /* PlayerCell.swift in Sources */ = {isa = PBXBuildFile; fileRef = 84264BCD2129C6C3001308EC /* PlayerCell.swift */; };
		843F7A292132AD230052354B /* Players.storyboard in Resources */ = {isa = PBXBuildFile; fileRef = 843F7A272132AD230052354B /* Players.storyboard */; };
		84843172213297F0005543EC /* PlayerDetailsViewController.swift in Sources */ = {isa = PBXBuildFile; fileRef = 84843171213297F0005543EC /* PlayerDetailsViewController.swift */; };
		848431742132A209005543EC /* GamePickerViewController.swift in Sources */ = {isa = PBXBuildFile; fileRef = 848431732132A209005543EC /* GamePickerViewController.swift */; };
/* End PBXBuildFile section */

/* Begin PBXFileReference section */
		84264BB22129BADB001308EC /* RW Storyboards.app */ = {isa = PBXFileReference; explicitFileType = wrapper.application; includeInIndex = 0; path = "RW Storyboards.app"; sourceTree = BUILT_PRODUCTS_DIR; };
		84264BB52129BADB001308EC /* AppDelegate.swift */ = {isa = PBXFileReference; lastKnownFileType = sourcecode.swift; path = AppDelegate.swift; sourceTree = "<group>"; };
		84264BB72129BADB001308EC /* ViewController.swift */ = {isa = PBXFileReference; lastKnownFileType = sourcecode.swift; path = ViewController.swift; sourceTree = "<group>"; };
		84264BBA2129BADB001308EC /* Base */ = {isa = PBXFileReference; lastKnownFileType = file.storyboard; name = Base; path = Base.lproj/Main.storyboard; sourceTree = "<group>"; };
		84264BBC2129BADB001308EC /* Assets.xcassets */ = {isa = PBXFileReference; lastKnownFileType = folder.assetcatalog; path = Assets.xcassets; sourceTree = "<group>"; };
		84264BBF2129BADB001308EC /* Base */ = {isa = PBXFileReference; lastKnownFileType = file.storyboard; name = Base; path = Base.lproj/LaunchScreen.storyboard; sourceTree = "<group>"; };
		84264BC12129BADB001308EC /* Info.plist */ = {isa = PBXFileReference; lastKnownFileType = text.plist.xml; path = Info.plist; sourceTree = "<group>"; };
		84264BC72129C204001308EC /* PlayersViewController.swift */ = {isa = PBXFileReference; lastKnownFileType = sourcecode.swift; path = PlayersViewController.swift; sourceTree = "<group>"; };
		84264BC92129C274001308EC /* Player.swift */ = {isa = PBXFileReference; lastKnownFileType = sourcecode.swift; path = Player.swift; sourceTree = "<group>"; };
		84264BCB2129C29F001308EC /* SampleData.swift */ = {isa = PBXFileReference; lastKnownFileType = sourcecode.swift; path = SampleData.swift; sourceTree = "<group>"; };
		84264BCD2129C6C3001308EC /* PlayerCell.swift */ = {isa = PBXFileReference; lastKnownFileType = sourcecode.swift; path = PlayerCell.swift; sourceTree = "<group>"; };
		843F7A282132AD230052354B /* Base */ = {isa = PBXFileReference; lastKnownFileType = file.storyboard; name = Base; path = "RW Storyboards/Base.lproj/Players.storyboard"; sourceTree = "<group>"; };
		84843171213297F0005543EC /* PlayerDetailsViewController.swift */ = {isa = PBXFileReference; lastKnownFileType = sourcecode.swift; path = PlayerDetailsViewController.swift; sourceTree = "<group>"; };
		848431732132A209005543EC /* GamePickerViewController.swift */ = {isa = PBXFileReference; lastKnownFileType = sourcecode.swift; path = GamePickerViewController.swift; sourceTree = "<group>"; };
/* End PBXFileReference section */

/* Begin PBXFrameworksBuildPhase section */
		84264BAF2129BADB001308EC /* Frameworks */ = {
			isa = PBXFrameworksBuildPhase;
			buildActionMask = 2147483647;
			files = (
			);
			runOnlyForDeploymentPostprocessing = 0;
		};
/* End PBXFrameworksBuildPhase section */

/* Begin PBXGroup section */
		84264BA92129BADB001308EC = {
			isa = PBXGroup;
			children = (
				84264BB42129BADB001308EC /* RW Storyboards */,
				84264BB32129BADB001308EC /* Products */,
			);
			sourceTree = "<group>";
		};
		84264BB32129BADB001308EC /* Products */ = {
			isa = PBXGroup;
			children = (
				84264BB22129BADB001308EC /* RW Storyboards.app */,
			);
			name = Products;
			sourceTree = "<group>";
		};
		84264BB42129BADB001308EC /* RW Storyboards */ = {
			isa = PBXGroup;
			children = (
				843F7A272132AD230052354B /* Players.storyboard */,
				84264BB92129BADB001308EC /* Main.storyboard */,
				84264BB52129BADB001308EC /* AppDelegate.swift */,
				84264BB72129BADB001308EC /* ViewController.swift */,
				84264BCD2129C6C3001308EC /* PlayerCell.swift */,
				84264BC92129C274001308EC /* Player.swift */,
				84264BCB2129C29F001308EC /* SampleData.swift */,
				848431732132A209005543EC /* GamePickerViewController.swift */,
				84843171213297F0005543EC /* PlayerDetailsViewController.swift */,
				84264BC72129C204001308EC /* PlayersViewController.swift */,
				84264BBC2129BADB001308EC /* Assets.xcassets */,
				84264BBE2129BADB001308EC /* LaunchScreen.storyboard */,
				84264BC12129BADB001308EC /* Info.plist */,
			);
			path = "RW Storyboards";
			sourceTree = "<group>";
		};
/* End PBXGroup section */

/* Begin PBXNativeTarget section */
		84264BB12129BADB001308EC /* RW Storyboards */ = {
			isa = PBXNativeTarget;
			buildConfigurationList = 84264BC42129BADB001308EC /* Build configuration list for PBXNativeTarget "RW Storyboards" */;
			buildPhases = (
				84264BAE2129BADB001308EC /* Sources */,
				84264BAF2129BADB001308EC /* Frameworks */,
				84264BB02129BADB001308EC /* Resources */,
			);
			buildRules = (
			);
			dependencies = (
			);
			name = "RW Storyboards";
			productName = "RW Storyboards";
			productReference = 84264BB22129BADB001308EC /* RW Storyboards.app */;
			productType = "com.apple.product-type.application";
		};
/* End PBXNativeTarget section */

/* Begin PBXProject section */
		84264BAA2129BADB001308EC /* Project object */ = {
			isa = PBXProject;
			attributes = {
				LastSwiftUpdateCheck = 0900;
				LastUpgradeCheck = 0900;
				ORGANIZATIONNAME = "Guest account";
				TargetAttributes = {
					84264BB12129BADB001308EC = {
						CreatedOnToolsVersion = 9.0;
						ProvisioningStyle = Automatic;
					};
				};
			};
			buildConfigurationList = 84264BAD2129BADB001308EC /* Build configuration list for PBXProject "RW Storyboards" */;
			compatibilityVersion = "Xcode 8.0";
			developmentRegion = en;
			hasScannedForEncodings = 0;
			knownRegions = (
				en,
				Base,
			);
			mainGroup = 84264BA92129BADB001308EC;
			productRefGroup = 84264BB32129BADB001308EC /* Products */;
			projectDirPath = "";
			projectRoot = "";
			targets = (
				84264BB12129BADB001308EC /* RW Storyboards */,
			);
		};
/* End PBXProject section */

/* Begin PBXResourcesBuildPhase section */
		84264BB02129BADB001308EC /* Resources */ = {
			isa = PBXResourcesBuildPhase;
			buildActionMask = 2147483647;
			files = (
				84264BC02129BADB001308EC /* LaunchScreen.storyboard in Resources */,
				843F7A292132AD230052354B /* Players.storyboard in Resources */,
				84264BBD2129BADB001308EC /* Assets.xcassets in Resources */,
				84264BBB2129BADB001308EC /* Main.storyboard in Resources */,
			);
			runOnlyForDeploymentPostprocessing = 0;
		};
/* End PBXResourcesBuildPhase section */

/* Begin PBXSourcesBuildPhase section */
		84264BAE2129BADB001308EC /* Sources */ = {
			isa = PBXSourcesBuildPhase;
			buildActionMask = 2147483647;
			files = (
				848431742132A209005543EC /* GamePickerViewController.swift in Sources */,
				84264BCE2129C6C3001308EC /* PlayerCell.swift in Sources */,
				84264BCA2129C274001308EC /* Player.swift in Sources */,
				84264BB82129BADB001308EC /* ViewController.swift in Sources */,
				84843172213297F0005543EC /* PlayerDetailsViewController.swift in Sources */,
				84264BB62129BADB001308EC /* AppDelegate.swift in Sources */,
				84264BCC2129C29F001308EC /* SampleData.swift in Sources */,
				84264BC82129C204001308EC /* PlayersViewController.swift in Sources */,
			);
			runOnlyForDeploymentPostprocessing = 0;
		};
/* End PBXSourcesBuildPhase section */

/* Begin PBXVariantGroup section */
		84264BB92129BADB001308EC /* Main.storyboard */ = {
			isa = PBXVariantGroup;
			children = (
				84264BBA2129BADB001308EC /* Base */,
			);
			name = Main.storyboard;
			sourceTree = "<group>";
		};
		84264BBE2129BADB001308EC /* LaunchScreen.storyboard */ = {
			isa = PBXVariantGroup;
			children = (
				84264BBF2129BADB001308EC /* Base */,
			);
			name = LaunchScreen.storyboard;
			sourceTree = "<group>";
		};
		843F7A272132AD230052354B /* Players.storyboard */ = {
			isa = PBXVariantGroup;
			children = (
				843F7A282132AD230052354B /* Base */,
			);
			name = Players.storyboard;
			sourceTree = "<group>";
		};
/* End PBXVariantGroup section */

/* Begin XCBuildConfiguration section */
		84264BC22129BADB001308EC /* Debug */ = {
			isa = XCBuildConfiguration;
			buildSettings = {
				ALWAYS_SEARCH_USER_PATHS = NO;
				CLANG_ANALYZER_NONNULL = YES;
				CLANG_ANALYZER_NUMBER_OBJECT_CONVERSION = YES_AGGRESSIVE;
				CLANG_CXX_LANGUAGE_STANDARD = "gnu++14";
				CLANG_CXX_LIBRARY = "libc++";
				CLANG_ENABLE_MODULES = YES;
				CLANG_ENABLE_OBJC_ARC = YES;
				CLANG_WARN_BLOCK_CAPTURE_AUTORELEASING = YES;
				CLANG_WARN_BOOL_CONVERSION = YES;
				CLANG_WARN_COMMA = YES;
				CLANG_WARN_CONSTANT_CONVERSION = YES;
				CLANG_WARN_DIRECT_OBJC_ISA_USAGE = YES_ERROR;
				CLANG_WARN_DOCUMENTATION_COMMENTS = YES;
				CLANG_WARN_EMPTY_BODY = YES;
				CLANG_WARN_ENUM_CONVERSION = YES;
				CLANG_WARN_INFINITE_RECURSION = YES;
				CLANG_WARN_INT_CONVERSION = YES;
				CLANG_WARN_NON_LITERAL_NULL_CONVERSION = YES;
				CLANG_WARN_OBJC_LITERAL_CONVERSION = YES;
				CLANG_WARN_OBJC_ROOT_CLASS = YES_ERROR;
				CLANG_WARN_RANGE_LOOP_ANALYSIS = YES;
				CLANG_WARN_STRICT_PROTOTYPES = YES;
				CLANG_WARN_SUSPICIOUS_MOVE = YES;
				CLANG_WARN_UNGUARDED_AVAILABILITY = YES_AGGRESSIVE;
				CLANG_WARN_UNREACHABLE_CODE = YES;
				CLANG_WARN__DUPLICATE_METHOD_MATCH = YES;
				CODE_SIGN_IDENTITY = "iPhone Developer";
				COPY_PHASE_STRIP = NO;
				DEBUG_INFORMATION_FORMAT = dwarf;
				ENABLE_STRICT_OBJC_MSGSEND = YES;
				ENABLE_TESTABILITY = YES;
				GCC_C_LANGUAGE_STANDARD = gnu11;
				GCC_DYNAMIC_NO_PIC = NO;
				GCC_NO_COMMON_BLOCKS = YES;
				GCC_OPTIMIZATION_LEVEL = 0;
				GCC_PREPROCESSOR_DEFINITIONS = (
					"DEBUG=1",
					"$(inherited)",
				);
				GCC_WARN_64_TO_32_BIT_CONVERSION = YES;
				GCC_WARN_ABOUT_RETURN_TYPE = YES_ERROR;
				GCC_WARN_UNDECLARED_SELECTOR = YES;
				GCC_WARN_UNINITIALIZED_AUTOS = YES_AGGRESSIVE;
				GCC_WARN_UNUSED_FUNCTION = YES;
				GCC_WARN_UNUSED_VARIABLE = YES;
				IPHONEOS_DEPLOYMENT_TARGET = 11.0;
				MTL_ENABLE_DEBUG_INFO = YES;
				ONLY_ACTIVE_ARCH = YES;
				SDKROOT = iphoneos;
				SWIFT_ACTIVE_COMPILATION_CONDITIONS = DEBUG;
				SWIFT_OPTIMIZATION_LEVEL = "-Onone";
			};
			name = Debug;
		};
		84264BC32129BADB001308EC /* Release */ = {
			isa = XCBuildConfiguration;
			buildSettings = {
				ALWAYS_SEARCH_USER_PATHS = NO;
				CLANG_ANALYZER_NONNULL = YES;
				CLANG_ANALYZER_NUMBER_OBJECT_CONVERSION = YES_AGGRESSIVE;
				CLANG_CXX_LANGUAGE_STANDARD = "gnu++14";
				CLANG_CXX_LIBRARY = "libc++";
				CLANG_ENABLE_MODULES = YES;
				CLANG_ENABLE_OBJC_ARC = YES;
				CLANG_WARN_BLOCK_CAPTURE_AUTORELEASING = YES;
				CLANG_WARN_BOOL_CONVERSION = YES;
				CLANG_WARN_COMMA = YES;
				CLANG_WARN_CONSTANT_CONVERSION = YES;
				CLANG_WARN_DIRECT_OBJC_ISA_USAGE = YES_ERROR;
				CLANG_WARN_DOCUMENTATION_COMMENTS = YES;
				CLANG_WARN_EMPTY_BODY = YES;
				CLANG_WARN_ENUM_CONVERSION = YES;
				CLANG_WARN_INFINITE_RECURSION = YES;
				CLANG_WARN_INT_CONVERSION = YES;
				CLANG_WARN_NON_LITERAL_NULL_CONVERSION = YES;
				CLANG_WARN_OBJC_LITERAL_CONVERSION = YES;
				CLANG_WARN_OBJC_ROOT_CLASS = YES_ERROR;
				CLANG_WARN_RANGE_LOOP_ANALYSIS = YES;
				CLANG_WARN_STRICT_PROTOTYPES = YES;
				CLANG_WARN_SUSPICIOUS_MOVE = YES;
				CLANG_WARN_UNGUARDED_AVAILABILITY = YES_AGGRESSIVE;
				CLANG_WARN_UNREACHABLE_CODE = YES;
				CLANG_WARN__DUPLICATE_METHOD_MATCH = YES;
				CODE_SIGN_IDENTITY = "iPhone Developer";
				COPY_PHASE_STRIP = NO;
				DEBUG_INFORMATION_FORMAT = "dwarf-with-dsym";
				ENABLE_NS_ASSERTIONS = NO;
				ENABLE_STRICT_OBJC_MSGSEND = YES;
				GCC_C_LANGUAGE_STANDARD = gnu11;
				GCC_NO_COMMON_BLOCKS = YES;
				GCC_WARN_64_TO_32_BIT_CONVERSION = YES;
				GCC_WARN_ABOUT_RETURN_TYPE = YES_ERROR;
				GCC_WARN_UNDECLARED_SELECTOR = YES;
				GCC_WARN_UNINITIALIZED_AUTOS = YES_AGGRESSIVE;
				GCC_WARN_UNUSED_FUNCTION = YES;
				GCC_WARN_UNUSED_VARIABLE = YES;
				IPHONEOS_DEPLOYMENT_TARGET = 11.0;
				MTL_ENABLE_DEBUG_INFO = NO;
				SDKROOT = iphoneos;
				SWIFT_OPTIMIZATION_LEVEL = "-Owholemodule";
				VALIDATE_PRODUCT = YES;
			};
			name = Release;
		};
		84264BC52129BADB001308EC /* Debug */ = {
			isa = XCBuildConfiguration;
			buildSettings = {
				ASSETCATALOG_COMPILER_APPICON_NAME = AppIcon;
				CODE_SIGN_STYLE = Automatic;
				DEVELOPMENT_TEAM = FNVZ3V3WV5;
				INFOPLIST_FILE = "RW Storyboards/Info.plist";
				LD_RUNPATH_SEARCH_PATHS = "$(inherited) @executable_path/Frameworks";
				PRODUCT_BUNDLE_IDENTIFIER = "MyCompany.RW-Storyboards";
				PRODUCT_NAME = "$(TARGET_NAME)";
				SWIFT_VERSION = 4.0;
				TARGETED_DEVICE_FAMILY = 1;
			};
			name = Debug;
		};
		84264BC62129BADB001308EC /* Release */ = {
			isa = XCBuildConfiguration;
			buildSettings = {
				ASSETCATALOG_COMPILER_APPICON_NAME = AppIcon;
				CODE_SIGN_STYLE = Automatic;
				DEVELOPMENT_TEAM = FNVZ3V3WV5;
				INFOPLIST_FILE = "RW Storyboards/Info.plist";
				LD_RUNPATH_SEARCH_PATHS = "$(inherited) @executable_path/Frameworks";
				PRODUCT_BUNDLE_IDENTIFIER = "MyCompany.RW-Storyboards";
				PRODUCT_NAME = "$(TARGET_NAME)";
				SWIFT_VERSION = 4.0;
				TARGETED_DEVICE_FAMILY = 1;
			};
			name = Release;
		};
/* End XCBuildConfiguration section */

/* Begin XCConfigurationList section */
		84264BAD2129BADB001308EC /* Build configuration list for PBXProject "RW Storyboards" */ = {
			isa = XCConfigurationList;
			buildConfigurations = (
				84264BC22129BADB001308EC /* Debug */,
				84264BC32129BADB001308EC /* Release */,
			);
			defaultConfigurationIsVisible = 0;
			defaultConfigurationName = Release;
		};
		84264BC42129BADB001308EC /* Build configuration list for PBXNativeTarget "RW Storyboards" */ = {
			isa = XCConfigurationList;
			buildConfigurations = (
				84264BC52129BADB001308EC /* Debug */,
				84264BC62129BADB001308EC /* Release */,
			);
			defaultConfigurationIsVisible = 0;
			defaultConfigurationName = Release;
		};
/* End XCConfigurationList section */
	};
	rootObject = 84264BAA2129BADB001308EC /* Project object */;
}
